// !$*UTF8*$!
{
	archiveVersion = 1;
	classes = {
	};
	objectVersion = 48;
	objects = {

/* Begin PBXBuildFile section */
		8342BDE71FE34C5F00F46139 /* AppDelegate.swift in Sources */ = {isa = PBXBuildFile; fileRef = 8342BDE61FE34C5F00F46139 /* AppDelegate.swift */; };
		8342BDE91FE34C5F00F46139 /* ViewController.swift in Sources */ = {isa = PBXBuildFile; fileRef = 8342BDE81FE34C5F00F46139 /* ViewController.swift */; };
		8342BDEC1FE34C5F00F46139 /* Main.storyboard in Resources */ = {isa = PBXBuildFile; fileRef = 8342BDEA1FE34C5F00F46139 /* Main.storyboard */; };
		8342BDEE1FE34C5F00F46139 /* Assets.xcassets in Resources */ = {isa = PBXBuildFile; fileRef = 8342BDED1FE34C5F00F46139 /* Assets.xcassets */; };
		8342BDF11FE34C5F00F46139 /* LaunchScreen.storyboard in Resources */ = {isa = PBXBuildFile; fileRef = 8342BDEF1FE34C5F00F46139 /* LaunchScreen.storyboard */; };
/* End PBXBuildFile section */

/* Begin PBXFileReference section */
		8342BDE31FE34C5F00F46139 /* Voitxt.app */ = {isa = PBXFileReference; explicitFileType = wrapper.application; includeInIndex = 0; path = Voitxt.app; sourceTree = BUILT_PRODUCTS_DIR; };
		8342BDE61FE34C5F00F46139 /* AppDelegate.swift */ = {isa = PBXFileReference; lastKnownFileType = sourcecode.swift; path = AppDelegate.swift; sourceTree = "<group>"; };
		8342BDE81FE34C5F00F46139 /* ViewController.swift */ = {isa = PBXFileReference; lastKnownFileType = sourcecode.swift; path = ViewController.swift; sourceTree = "<group>"; };
		8342BDEB1FE34C5F00F46139 /* Base */ = {isa = PBXFileReference; lastKnownFileType = file.storyboard; name = Base; path = Base.lproj/Main.storyboard; sourceTree = "<group>"; };
		8342BDED1FE34C5F00F46139 /* Assets.xcassets */ = {isa = PBXFileReference; lastKnownFileType = folder.assetcatalog; path = Assets.xcassets; sourceTree = "<group>"; };
		8342BDF01FE34C5F00F46139 /* Base */ = {isa = PBXFileReference; lastKnownFileType = file.storyboard; name = Base; path = Base.lproj/LaunchScreen.storyboard; sourceTree = "<group>"; };
		8342BDF21FE34C5F00F46139 /* Info.plist */ = {isa = PBXFileReference; lastKnownFileType = text.plist.xml; path = Info.plist; sourceTree = "<group>"; };
/* End PBXFileReference section */

/* Begin PBXFrameworksBuildPhase section */
		8342BDE01FE34C5F00F46139 /* Frameworks */ = {
			isa = PBXFrameworksBuildPhase;
			buildActionMask = 2147483647;
			files = (
			);
			runOnlyForDeploymentPostprocessing = 0;
		};
/* End PBXFrameworksBuildPhase section */

/* Begin PBXGroup section */
		8342BDDA1FE34C5F00F46139 = {
			isa = PBXGroup;
			children = (
				8342BDE51FE34C5F00F46139 /* Voitxt */,
				8342BDE41FE34C5F00F46139 /* Products */,
			);
			sourceTree = "<group>";
		};
		8342BDE41FE34C5F00F46139 /* Products */ = {
			isa = PBXGroup;
			children = (
				8342BDE31FE34C5F00F46139 /* Voitxt.app */,
			);
			name = Products;
			sourceTree = "<group>";
		};
		8342BDE51FE34C5F00F46139 /* Voitxt */ = {
			isa = PBXGroup;
			children = (
				8342BDF81FE34D2400F46139 /* Model */,
				8342BDF91FE34D2B00F46139 /* View */,
				8342BDFA1FE34D3200F46139 /* Controller */,
				8342BDFB1FE34D4100F46139 /* Supporting Files */,
				8342BDEA1FE34C5F00F46139 /* Main.storyboard */,
				8342BDF21FE34C5F00F46139 /* Info.plist */,
			);
			path = Voitxt;
			sourceTree = "<group>";
		};
		8342BDF81FE34D2400F46139 /* Model */ = {
			isa = PBXGroup;
			children = (
			);
			path = Model;
			sourceTree = "<group>";
		};
		8342BDF91FE34D2B00F46139 /* View */ = {
			isa = PBXGroup;
			children = (
			);
			path = View;
			sourceTree = "<group>";
		};
		8342BDFA1FE34D3200F46139 /* Controller */ = {
			isa = PBXGroup;
			children = (
				8342BDE81FE34C5F00F46139 /* ViewController.swift */,
			);
			path = Controller;
			sourceTree = "<group>";
		};
		8342BDFB1FE34D4100F46139 /* Supporting Files */ = {
			isa = PBXGroup;
			children = (
				8342BDE61FE34C5F00F46139 /* AppDelegate.swift */,
				8342BDED1FE34C5F00F46139 /* Assets.xcassets */,
				8342BDEF1FE34C5F00F46139 /* LaunchScreen.storyboard */,
			);
			path = "Supporting Files";
			sourceTree = "<group>";
		};
/* End PBXGroup section */

/* Begin PBXNativeTarget section */
		8342BDE21FE34C5F00F46139 /* Voitxt */ = {
			isa = PBXNativeTarget;
			buildConfigurationList = 8342BDF51FE34C5F00F46139 /* Build configuration list for PBXNativeTarget "Voitxt" */;
			buildPhases = (
				8342BDDF1FE34C5F00F46139 /* Sources */,
				8342BDE01FE34C5F00F46139 /* Frameworks */,
				8342BDE11FE34C5F00F46139 /* Resources */,
			);
			buildRules = (
			);
			dependencies = (
			);
			name = Voitxt;
			productName = Voitxt;
			productReference = 8342BDE31FE34C5F00F46139 /* Voitxt.app */;
			productType = "com.apple.product-type.application";
		};
/* End PBXNativeTarget section */

/* Begin PBXProject section */
		8342BDDB1FE34C5F00F46139 /* Project object */ = {
			isa = PBXProject;
			attributes = {
				LastSwiftUpdateCheck = 0900;
				LastUpgradeCheck = 0900;
				ORGANIZATIONNAME = "Sujanth Sebamalaithasan";
				TargetAttributes = {
					8342BDE21FE34C5F00F46139 = {
						CreatedOnToolsVersion = 9.0;
						ProvisioningStyle = Automatic;
					};
				};
			};
			buildConfigurationList = 8342BDDE1FE34C5F00F46139 /* Build configuration list for PBXProject "Voitxt" */;
			compatibilityVersion = "Xcode 8.0";
			developmentRegion = en;
			hasScannedForEncodings = 0;
			knownRegions = (
				en,
				Base,
			);
			mainGroup = 8342BDDA1FE34C5F00F46139;
			productRefGroup = 8342BDE41FE34C5F00F46139 /* Products */;
			projectDirPath = "";
			projectRoot = "";
			targets = (
				8342BDE21FE34C5F00F46139 /* Voitxt */,
			);
		};
/* End PBXProject section */

/* Begin PBXResourcesBuildPhase section */
		8342BDE11FE34C5F00F46139 /* Resources */ = {
			isa = PBXResourcesBuildPhase;
			buildActionMask = 2147483647;
			files = (
				8342BDF11FE34C5F00F46139 /* LaunchScreen.storyboard in Resources */,
				8342BDEE1FE34C5F00F46139 /* Assets.xcassets in Resources */,
				8342BDEC1FE34C5F00F46139 /* Main.storyboard in Resources */,
			);
			runOnlyForDeploymentPostprocessing = 0;
		};
/* End PBXResourcesBuildPhase section */

/* Begin PBXSourcesBuildPhase section */
		8342BDDF1FE34C5F00F46139 /* Sources */ = {
			isa = PBXSourcesBuildPhase;
			buildActionMask = 2147483647;
			files = (
				8342BDE91FE34C5F00F46139 /* ViewController.swift in Sources */,
				8342BDE71FE34C5F00F46139 /* AppDelegate.swift in Sources */,
			);
			runOnlyForDeploymentPostprocessing = 0;
		};
/* End PBXSourcesBuildPhase section */

/* Begin PBXVariantGroup section */
		8342BDEA1FE34C5F00F46139 /* Main.storyboard */ = {
			isa = PBXVariantGroup;
			children = (
				8342BDEB1FE34C5F00F46139 /* Base */,
			);
			name = Main.storyboard;
			sourceTree = "<group>";
		};
		8342BDEF1FE34C5F00F46139 /* LaunchScreen.storyboard */ = {
			isa = PBXVariantGroup;
			children = (
				8342BDF01FE34C5F00F46139 /* Base */,
			);
			name = LaunchScreen.storyboard;
			sourceTree = "<group>";
		};
/* End PBXVariantGroup section */

/* Begin XCBuildConfiguration section */
		8342BDF31FE34C5F00F46139 /* Debug */ = {
			isa = XCBuildConfiguration;
			buildSettings = {
				ALWAYS_SEARCH_USER_PATHS = NO;
				CLANG_ANALYZER_NONNULL = YES;
				CLANG_ANALYZER_NUMBER_OBJECT_CONVERSION = YES_AGGRESSIVE;
				CLANG_CXX_LANGUAGE_STANDARD = "gnu++14";
				CLANG_CXX_LIBRARY = "libc++";
				CLANG_ENABLE_MODULES = YES;
				CLANG_ENABLE_OBJC_ARC = YES;
				CLANG_WARN_BLOCK_CAPTURE_AUTORELEASING = YES;
				CLANG_WARN_BOOL_CONVERSION = YES;
				CLANG_WARN_COMMA = YES;
				CLANG_WARN_CONSTANT_CONVERSION = YES;
				CLANG_WARN_DIRECT_OBJC_ISA_USAGE = YES_ERROR;
				CLANG_WARN_DOCUMENTATION_COMMENTS = YES;
				CLANG_WARN_EMPTY_BODY = YES;
				CLANG_WARN_ENUM_CONVERSION = YES;
				CLANG_WARN_INFINITE_RECURSION = YES;
				CLANG_WARN_INT_CONVERSION = YES;
				CLANG_WARN_NON_LITERAL_NULL_CONVERSION = YES;
				CLANG_WARN_OBJC_LITERAL_CONVERSION = YES;
				CLANG_WARN_OBJC_ROOT_CLASS = YES_ERROR;
				CLANG_WARN_RANGE_LOOP_ANALYSIS = YES;
				CLANG_WARN_STRICT_PROTOTYPES = YES;
				CLANG_WARN_SUSPICIOUS_MOVE = YES;
				CLANG_WARN_UNGUARDED_AVAILABILITY = YES_AGGRESSIVE;
				CLANG_WARN_UNREACHABLE_CODE = YES;
				CLANG_WARN__DUPLICATE_METHOD_MATCH = YES;
				CODE_SIGN_IDENTITY = "iPhone Developer";
				COPY_PHASE_STRIP = NO;
				DEBUG_INFORMATION_FORMAT = dwarf;
				ENABLE_STRICT_OBJC_MSGSEND = YES;
				ENABLE_TESTABILITY = YES;
				GCC_C_LANGUAGE_STANDARD = gnu11;
				GCC_DYNAMIC_NO_PIC = NO;
				GCC_NO_COMMON_BLOCKS = YES;
				GCC_OPTIMIZATION_LEVEL = 0;
				GCC_PREPROCESSOR_DEFINITIONS = (
					"DEBUG=1",
					"$(inherited)",
				);
				GCC_WARN_64_TO_32_BIT_CONVERSION = YES;
				GCC_WARN_ABOUT_RETURN_TYPE = YES_ERROR;
				GCC_WARN_UNDECLARED_SELECTOR = YES;
				GCC_WARN_UNINITIALIZED_AUTOS = YES_AGGRESSIVE;
				GCC_WARN_UNUSED_FUNCTION = YES;
				GCC_WARN_UNUSED_VARIABLE = YES;
				IPHONEOS_DEPLOYMENT_TARGET = 11.0;
				MTL_ENABLE_DEBUG_INFO = YES;
				ONLY_ACTIVE_ARCH = YES;
				SDKROOT = iphoneos;
				SWIFT_ACTIVE_COMPILATION_CONDITIONS = DEBUG;
				SWIFT_OPTIMIZATION_LEVEL = "-Onone";
			};
			name = Debug;
		};
		8342BDF41FE34C5F00F46139 /* Release */ = {
			isa = XCBuildConfiguration;
			buildSettings = {
				ALWAYS_SEARCH_USER_PATHS = NO;
				CLANG_ANALYZER_NONNULL = YES;
				CLANG_ANALYZER_NUMBER_OBJECT_CONVERSION = YES_AGGRESSIVE;
				CLANG_CXX_LANGUAGE_STANDARD = "gnu++14";
				CLANG_CXX_LIBRARY = "libc++";
				CLANG_ENABLE_MODULES = YES;
				CLANG_ENABLE_OBJC_ARC = YES;
				CLANG_WARN_BLOCK_CAPTURE_AUTORELEASING = YES;
				CLANG_WARN_BOOL_CONVERSION = YES;
				CLANG_WARN_COMMA = YES;
				CLANG_WARN_CONSTANT_CONVERSION = YES;
				CLANG_WARN_DIRECT_OBJC_ISA_USAGE = YES_ERROR;
				CLANG_WARN_DOCUMENTATION_COMMENTS = YES;
				CLANG_WARN_EMPTY_BODY = YES;
				CLANG_WARN_ENUM_CONVERSION = YES;
				CLANG_WARN_INFINITE_RECURSION = YES;
				CLANG_WARN_INT_CONVERSION = YES;
				CLANG_WARN_NON_LITERAL_NULL_CONVERSION = YES;
				CLANG_WARN_OBJC_LITERAL_CONVERSION = YES;
				CLANG_WARN_OBJC_ROOT_CLASS = YES_ERROR;
				CLANG_WARN_RANGE_LOOP_ANALYSIS = YES;
				CLANG_WARN_STRICT_PROTOTYPES = YES;
				CLANG_WARN_SUSPICIOUS_MOVE = YES;
				CLANG_WARN_UNGUARDED_AVAILABILITY = YES_AGGRESSIVE;
				CLANG_WARN_UNREACHABLE_CODE = YES;
				CLANG_WARN__DUPLICATE_METHOD_MATCH = YES;
				CODE_SIGN_IDENTITY = "iPhone Developer";
				COPY_PHASE_STRIP = NO;
				DEBUG_INFORMATION_FORMAT = "dwarf-with-dsym";
				ENABLE_NS_ASSERTIONS = NO;
				ENABLE_STRICT_OBJC_MSGSEND = YES;
				GCC_C_LANGUAGE_STANDARD = gnu11;
				GCC_NO_COMMON_BLOCKS = YES;
				GCC_WARN_64_TO_32_BIT_CONVERSION = YES;
				GCC_WARN_ABOUT_RETURN_TYPE = YES_ERROR;
				GCC_WARN_UNDECLARED_SELECTOR = YES;
				GCC_WARN_UNINITIALIZED_AUTOS = YES_AGGRESSIVE;
				GCC_WARN_UNUSED_FUNCTION = YES;
				GCC_WARN_UNUSED_VARIABLE = YES;
				IPHONEOS_DEPLOYMENT_TARGET = 11.0;
				MTL_ENABLE_DEBUG_INFO = NO;
				SDKROOT = iphoneos;
				SWIFT_OPTIMIZATION_LEVEL = "-Owholemodule";
				VALIDATE_PRODUCT = YES;
			};
			name = Release;
		};
		8342BDF61FE34C5F00F46139 /* Debug */ = {
			isa = XCBuildConfiguration;
			buildSettings = {
				ASSETCATALOG_COMPILER_APPICON_NAME = AppIcon;
				CODE_SIGN_STYLE = Automatic;
				DEVELOPMENT_TEAM = 7444ZHPYLX;
				INFOPLIST_FILE = Voitxt/Info.plist;
				LD_RUNPATH_SEARCH_PATHS = "$(inherited) @executable_path/Frameworks";
				PRODUCT_BUNDLE_IDENTIFIER = com.sujanth.Voitxt;
				PRODUCT_NAME = "$(TARGET_NAME)";
				SWIFT_VERSION = 4.0;
				TARGETED_DEVICE_FAMILY = "1,2";
			};
			name = Debug;
		};
		8342BDF71FE34C5F00F46139 /* Release */ = {
			isa = XCBuildConfiguration;
			buildSettings = {
				ASSETCATALOG_COMPILER_APPICON_NAME = AppIcon;
				CODE_SIGN_STYLE = Automatic;
				DEVELOPMENT_TEAM = 7444ZHPYLX;
				INFOPLIST_FILE = Voitxt/Info.plist;
				LD_RUNPATH_SEARCH_PATHS = "$(inherited) @executable_path/Frameworks";
				PRODUCT_BUNDLE_IDENTIFIER = com.sujanth.Voitxt;
				PRODUCT_NAME = "$(TARGET_NAME)";
				SWIFT_VERSION = 4.0;
				TARGETED_DEVICE_FAMILY = "1,2";
			};
			name = Release;
		};
/* End XCBuildConfiguration section */

/* Begin XCConfigurationList section */
		8342BDDE1FE34C5F00F46139 /* Build configuration list for PBXProject "Voitxt" */ = {
			isa = XCConfigurationList;
			buildConfigurations = (
				8342BDF31FE34C5F00F46139 /* Debug */,
				8342BDF41FE34C5F00F46139 /* Release */,
			);
			defaultConfigurationIsVisible = 0;
			defaultConfigurationName = Release;
		};
		8342BDF51FE34C5F00F46139 /* Build configuration list for PBXNativeTarget "Voitxt" */ = {
			isa = XCConfigurationList;
			buildConfigurations = (
				8342BDF61FE34C5F00F46139 /* Debug */,
				8342BDF71FE34C5F00F46139 /* Release */,
			);
			defaultConfigurationIsVisible = 0;
			defaultConfigurationName = Release;
		};
/* End XCConfigurationList section */
	};
	rootObject = 8342BDDB1FE34C5F00F46139 /* Project object */;
}
